
Microsoft Visual Studio Solution File, Format Version 12.00
# Visual Studio Version 16
VisualStudioVersion = 16.0.30011.22
MinimumVisualStudioVersion = 10.0.40219.1
Project("{9A19103F-16F7-4668-BE54-9A1E7A4F7556}") = "Soccer.Common", "Soccer.Common\Soccer.Common.csproj", "{48C73134-C18F-4999-ACAF-57E41AF2A0A2}"
EndProject
Project("{9A19103F-16F7-4668-BE54-9A1E7A4F7556}") = "Soccer.Web", "Soccer.Web\Soccer.Web.csproj", "{D02B9572-FD81-4A12-9D41-8BEBCD51406E}"
EndProject
Project("{FAE04EC0-301F-11D3-BF4B-00C04F79EFBC}") = "Soccer.Prism", "Soccer.Prism\Soccer.Prism\Soccer.Prism.csproj", "{83AB58D7-9456-47B5-AA7B-FD66C28223BA}"
EndProject
Project("{FAE04EC0-301F-11D3-BF4B-00C04F79EFBC}") = "Soccer.Prism.Android", "Soccer.Prism\Soccer.Prism.Android\Soccer.Prism.Android.csproj", "{70975E5B-8208-4FFA-8C56-217F7AD46079}"
EndProject
Project("{FAE04EC0-301F-11D3-BF4B-00C04F79EFBC}") = "Soccer.Prism.iOS", "Soccer.Prism\Soccer.Prism.iOS\Soccer.Prism.iOS.csproj", "{B401E25E-65B1-486B-9B79-8E8B521F3394}"
EndProject
Global
	GlobalSection(SolutionConfigurationPlatforms) = preSolution
		Ad-Hoc|Any CPU = Ad-Hoc|Any CPU
		Ad-Hoc|iPhone = Ad-Hoc|iPhone
		Ad-Hoc|iPhoneSimulator = Ad-Hoc|iPhoneSimulator
		AppStore|Any CPU = AppStore|Any CPU
		AppStore|iPhone = AppStore|iPhone
		AppStore|iPhoneSimulator = AppStore|iPhoneSimulator
		Debug|Any CPU = Debug|Any CPU
		Debug|iPhone = Debug|iPhone
		Debug|iPhoneSimulator = Debug|iPhoneSimulator
		Release|Any CPU = Release|Any CPU
		Release|iPhone = Release|iPhone
		Release|iPhoneSimulator = Release|iPhoneSimulator
	EndGlobalSection
	GlobalSection(ProjectConfigurationPlatforms) = postSolution
		{48C73134-C18F-4999-ACAF-57E41AF2A0A2}.Ad-Hoc|Any CPU.ActiveCfg = Release|Any CPU
		{48C73134-C18F-4999-ACAF-57E41AF2A0A2}.Ad-Hoc|Any CPU.Build.0 = Release|Any CPU
		{48C73134-C18F-4999-ACAF-57E41AF2A0A2}.Ad-Hoc|iPhone.ActiveCfg = Release|Any CPU
		{48C73134-C18F-4999-ACAF-57E41AF2A0A2}.Ad-Hoc|iPhone.Build.0 = Release|Any CPU
		{48C73134-C18F-4999-ACAF-57E41AF2A0A2}.Ad-Hoc|iPhoneSimulator.ActiveCfg = Release|Any CPU
		{48C73134-C18F-4999-ACAF-57E41AF2A0A2}.Ad-Hoc|iPhoneSimulator.Build.0 = Release|Any CPU
		{48C73134-C18F-4999-ACAF-57E41AF2A0A2}.AppStore|Any CPU.ActiveCfg = Release|Any CPU
		{48C73134-C18F-4999-ACAF-57E41AF2A0A2}.AppStore|Any CPU.Build.0 = Release|Any CPU
		{48C73134-C18F-4999-ACAF-57E41AF2A0A2}.AppStore|iPhone.ActiveCfg = Release|Any CPU
		{48C73134-C18F-4999-ACAF-57E41AF2A0A2}.AppStore|iPhone.Build.0 = Release|Any CPU
		{48C73134-C18F-4999-ACAF-57E41AF2A0A2}.AppStore|iPhoneSimulator.ActiveCfg = Release|Any CPU
		{48C73134-C18F-4999-ACAF-57E41AF2A0A2}.AppStore|iPhoneSimulator.Build.0 = Release|Any CPU
		{48C73134-C18F-4999-ACAF-57E41AF2A0A2}.Debug|Any CPU.ActiveCfg = Debug|Any CPU
		{48C73134-C18F-4999-ACAF-57E41AF2A0A2}.Debug|Any CPU.Build.0 = Debug|Any CPU
		{48C73134-C18F-4999-ACAF-57E41AF2A0A2}.Debug|iPhone.ActiveCfg = Debug|Any CPU
		{48C73134-C18F-4999-ACAF-57E41AF2A0A2}.Debug|iPhone.Build.0 = Debug|Any CPU
		{48C73134-C18F-4999-ACAF-57E41AF2A0A2}.Debug|iPhoneSimulator.ActiveCfg = Debug|Any CPU
		{48C73134-C18F-4999-ACAF-57E41AF2A0A2}.Debug|iPhoneSimulator.Build.0 = Debug|Any CPU
		{48C73134-C18F-4999-ACAF-57E41AF2A0A2}.Release|Any CPU.ActiveCfg = Release|Any CPU
		{48C73134-C18F-4999-ACAF-57E41AF2A0A2}.Release|Any CPU.Build.0 = Release|Any CPU
		{48C73134-C18F-4999-ACAF-57E41AF2A0A2}.Release|iPhone.ActiveCfg = Release|Any CPU
		{48C73134-C18F-4999-ACAF-57E41AF2A0A2}.Release|iPhone.Build.0 = Release|Any CPU
		{48C73134-C18F-4999-ACAF-57E41AF2A0A2}.Release|iPhoneSimulator.ActiveCfg = Release|Any CPU
		{48C73134-C18F-4999-ACAF-57E41AF2A0A2}.Release|iPhoneSimulator.Build.0 = Release|Any CPU
		{D02B9572-FD81-4A12-9D41-8BEBCD51406E}.Ad-Hoc|Any CPU.ActiveCfg = Release|Any CPU
		{D02B9572-FD81-4A12-9D41-8BEBCD51406E}.Ad-Hoc|Any CPU.Build.0 = Release|Any CPU
		{D02B9572-FD81-4A12-9D41-8BEBCD51406E}.Ad-Hoc|iPhone.ActiveCfg = Release|Any CPU
		{D02B9572-FD81-4A12-9D41-8BEBCD51406E}.Ad-Hoc|iPhone.Build.0 = Release|Any CPU
		{D02B9572-FD81-4A12-9D41-8BEBCD51406E}.Ad-Hoc|iPhoneSimulator.ActiveCfg = Release|Any CPU
		{D02B9572-FD81-4A12-9D41-8BEBCD51406E}.Ad-Hoc|iPhoneSimulator.Build.0 = Release|Any CPU
		{D02B9572-FD81-4A12-9D41-8BEBCD51406E}.AppStore|Any CPU.ActiveCfg = Release|Any CPU
		{D02B9572-FD81-4A12-9D41-8BEBCD51406E}.AppStore|Any CPU.Build.0 = Release|Any CPU
		{D02B9572-FD81-4A12-9D41-8BEBCD51406E}.AppStore|iPhone.ActiveCfg = Release|Any CPU
		{D02B9572-FD81-4A12-9D41-8BEBCD51406E}.AppStore|iPhone.Build.0 = Release|Any CPU
		{D02B9572-FD81-4A12-9D41-8BEBCD51406E}.AppStore|iPhoneSimulator.ActiveCfg = Release|Any CPU
		{D02B9572-FD81-4A12-9D41-8BEBCD51406E}.AppStore|iPhoneSimulator.Build.0 = Release|Any CPU
		{D02B9572-FD81-4A12-9D41-8BEBCD51406E}.Debug|Any CPU.ActiveCfg = Debug|Any CPU
		{D02B9572-FD81-4A12-9D41-8BEBCD51406E}.Debug|Any CPU.Build.0 = Debug|Any CPU
		{D02B9572-FD81-4A12-9D41-8BEBCD51406E}.Debug|iPhone.ActiveCfg = Debug|Any CPU
		{D02B9572-FD81-4A12-9D41-8BEBCD51406E}.Debug|iPhone.Build.0 = Debug|Any CPU
		{D02B9572-FD81-4A12-9D41-8BEBCD51406E}.Debug|iPhoneSimulator.ActiveCfg = Debug|Any CPU
		{D02B9572-FD81-4A12-9D41-8BEBCD51406E}.Debug|iPhoneSimulator.Build.0 = Debug|Any CPU
		{D02B9572-FD81-4A12-9D41-8BEBCD51406E}.Release|Any CPU.ActiveCfg = Release|Any CPU
		{D02B9572-FD81-4A12-9D41-8BEBCD51406E}.Release|Any CPU.Build.0 = Release|Any CPU
		{D02B9572-FD81-4A12-9D41-8BEBCD51406E}.Release|iPhone.ActiveCfg = Release|Any CPU
		{D02B9572-FD81-4A12-9D41-8BEBCD51406E}.Release|iPhone.Build.0 = Release|Any CPU
		{D02B9572-FD81-4A12-9D41-8BEBCD51406E}.Release|iPhoneSimulator.ActiveCfg = Release|Any CPU
		{D02B9572-FD81-4A12-9D41-8BEBCD51406E}.Release|iPhoneSimulator.Build.0 = Release|Any CPU
		{83AB58D7-9456-47B5-AA7B-FD66C28223BA}.Ad-Hoc|Any CPU.ActiveCfg = Debug|Any CPU
		{83AB58D7-9456-47B5-AA7B-FD66C28223BA}.Ad-Hoc|Any CPU.Build.0 = Debug|Any CPU
		{83AB58D7-9456-47B5-AA7B-FD66C28223BA}.Ad-Hoc|iPhone.ActiveCfg = Debug|Any CPU
		{83AB58D7-9456-47B5-AA7B-FD66C28223BA}.Ad-Hoc|iPhone.Build.0 = Debug|Any CPU
		{83AB58D7-9456-47B5-AA7B-FD66C28223BA}.Ad-Hoc|iPhoneSimulator.ActiveCfg = Debug|Any CPU
		{83AB58D7-9456-47B5-AA7B-FD66C28223BA}.Ad-Hoc|iPhoneSimulator.Build.0 = Debug|Any CPU
		{83AB58D7-9456-47B5-AA7B-FD66C28223BA}.AppStore|Any CPU.ActiveCfg = Debug|Any CPU
		{83AB58D7-9456-47B5-AA7B-FD66C28223BA}.AppStore|Any CPU.Build.0 = Debug|Any CPU
		{83AB58D7-9456-47B5-AA7B-FD66C28223BA}.AppStore|iPhone.ActiveCfg = Debug|Any CPU
		{83AB58D7-9456-47B5-AA7B-FD66C28223BA}.AppStore|iPhone.Build.0 = Debug|Any CPU
		{83AB58D7-9456-47B5-AA7B-FD66C28223BA}.AppStore|iPhoneSimulator.ActiveCfg = Debug|Any CPU
		{83AB58D7-9456-47B5-AA7B-FD66C28223BA}.AppStore|iPhoneSimulator.Build.0 = Debug|Any CPU
		{83AB58D7-9456-47B5-AA7B-FD66C28223BA}.Debug|Any CPU.ActiveCfg = Debug|Any CPU
		{83AB58D7-9456-47B5-AA7B-FD66C28223BA}.Debug|Any CPU.Build.0 = Debug|Any CPU
		{83AB58D7-9456-47B5-AA7B-FD66C28223BA}.Debug|iPhone.ActiveCfg = Debug|Any CPU
		{83AB58D7-9456-47B5-AA7B-FD66C28223BA}.Debug|iPhone.Build.0 = Debug|Any CPU
		{83AB58D7-9456-47B5-AA7B-FD66C28223BA}.Debug|iPhoneSimulator.ActiveCfg = Debug|Any CPU
		{83AB58D7-9456-47B5-AA7B-FD66C28223BA}.Debug|iPhoneSimulator.Build.0 = Debug|Any CPU
		{83AB58D7-9456-47B5-AA7B-FD66C28223BA}.Release|Any CPU.ActiveCfg = Release|Any CPU
		{83AB58D7-9456-47B5-AA7B-FD66C28223BA}.Release|Any CPU.Build.0 = Release|Any CPU
		{83AB58D7-9456-47B5-AA7B-FD66C28223BA}.Release|iPhone.ActiveCfg = Release|Any CPU
		{83AB58D7-9456-47B5-AA7B-FD66C28223BA}.Release|iPhone.Build.0 = Release|Any CPU
		{83AB58D7-9456-47B5-AA7B-FD66C28223BA}.Release|iPhoneSimulator.ActiveCfg = Release|Any CPU
		{83AB58D7-9456-47B5-AA7B-FD66C28223BA}.Release|iPhoneSimulator.Build.0 = Release|Any CPU
		{70975E5B-8208-4FFA-8C56-217F7AD46079}.Ad-Hoc|Any CPU.ActiveCfg = Release|Any CPU
		{70975E5B-8208-4FFA-8C56-217F7AD46079}.Ad-Hoc|Any CPU.Build.0 = Release|Any CPU
		{70975E5B-8208-4FFA-8C56-217F7AD46079}.Ad-Hoc|Any CPU.Deploy.0 = Release|Any CPU
		{70975E5B-8208-4FFA-8C56-217F7AD46079}.Ad-Hoc|iPhone.ActiveCfg = Release|Any CPU
		{70975E5B-8208-4FFA-8C56-217F7AD46079}.Ad-Hoc|iPhone.Build.0 = Release|Any CPU
		{70975E5B-8208-4FFA-8C56-217F7AD46079}.Ad-Hoc|iPhone.Deploy.0 = Release|Any CPU
		{70975E5B-8208-4FFA-8C56-217F7AD46079}.Ad-Hoc|iPhoneSimulator.ActiveCfg = Release|Any CPU
		{70975E5B-8208-4FFA-8C56-217F7AD46079}.Ad-Hoc|iPhoneSimulator.Build.0 = Release|Any CPU
		{70975E5B-8208-4FFA-8C56-217F7AD46079}.Ad-Hoc|iPhoneSimulator.Deploy.0 = Release|Any CPU
		{70975E5B-8208-4FFA-8C56-217F7AD46079}.AppStore|Any CPU.ActiveCfg = Release|Any CPU
		{70975E5B-8208-4FFA-8C56-217F7AD46079}.AppStore|Any CPU.Build.0 = Release|Any CPU
		{70975E5B-8208-4FFA-8C56-217F7AD46079}.AppStore|Any CPU.Deploy.0 = Release|Any CPU
		{70975E5B-8208-4FFA-8C56-217F7AD46079}.AppStore|iPhone.ActiveCfg = Release|Any CPU
		{70975E5B-8208-4FFA-8C56-217F7AD46079}.AppStore|iPhone.Build.0 = Release|Any CPU
		{70975E5B-8208-4FFA-8C56-217F7AD46079}.AppStore|iPhone.Deploy.0 = Release|Any CPU
		{70975E5B-8208-4FFA-8C56-217F7AD46079}.AppStore|iPhoneSimulator.ActiveCfg = Release|Any CPU
		{70975E5B-8208-4FFA-8C56-217F7AD46079}.AppStore|iPhoneSimulator.Build.0 = Release|Any CPU
		{70975E5B-8208-4FFA-8C56-217F7AD46079}.AppStore|iPhoneSimulator.Deploy.0 = Release|Any CPU
		{70975E5B-8208-4FFA-8C56-217F7AD46079}.Debug|Any CPU.ActiveCfg = Debug|Any CPU
		{70975E5B-8208-4FFA-8C56-217F7AD46079}.Debug|Any CPU.Build.0 = Debug|Any CPU
		{70975E5B-8208-4FFA-8C56-217F7AD46079}.Debug|Any CPU.Deploy.0 = Debug|Any CPU
		{70975E5B-8208-4FFA-8C56-217F7AD46079}.Debug|iPhone.ActiveCfg = Debug|Any CPU
		{70975E5B-8208-4FFA-8C56-217F7AD46079}.Debug|iPhone.Build.0 = Debug|Any CPU
		{70975E5B-8208-4FFA-8C56-217F7AD46079}.Debug|iPhone.Deploy.0 = Debug|Any CPU
		{70975E5B-8208-4FFA-8C56-217F7AD46079}.Debug|iPhoneSimulator.ActiveCfg = Debug|Any CPU
		{70975E5B-8208-4FFA-8C56-217F7AD46079}.Debug|iPhoneSimulator.Build.0 = Debug|Any CPU
		{70975E5B-8208-4FFA-8C56-217F7AD46079}.Debug|iPhoneSimulator.Deploy.0 = Debug|Any CPU
		{70975E5B-8208-4FFA-8C56-217F7AD46079}.Release|Any CPU.ActiveCfg = Release|Any CPU
		{70975E5B-8208-4FFA-8C56-217F7AD46079}.Release|Any CPU.Build.0 = Release|Any CPU
		{70975E5B-8208-4FFA-8C56-217F7AD46079}.Release|Any CPU.Deploy.0 = Release|Any CPU
		{70975E5B-8208-4FFA-8C56-217F7AD46079}.Release|iPhone.ActiveCfg = Release|Any CPU
		{70975E5B-8208-4FFA-8C56-217F7AD46079}.Release|iPhone.Build.0 = Release|Any CPU
		{70975E5B-8208-4FFA-8C56-217F7AD46079}.Release|iPhone.Deploy.0 = Release|Any CPU
		{70975E5B-8208-4FFA-8C56-217F7AD46079}.Release|iPhoneSimulator.ActiveCfg = Release|Any CPU
		{70975E5B-8208-4FFA-8C56-217F7AD46079}.Release|iPhoneSimulator.Build.0 = Release|Any CPU
		{70975E5B-8208-4FFA-8C56-217F7AD46079}.Release|iPhoneSimulator.Deploy.0 = Release|Any CPU
		{B401E25E-65B1-486B-9B79-8E8B521F3394}.Ad-Hoc|Any CPU.ActiveCfg = Ad-Hoc|iPhone
		{B401E25E-65B1-486B-9B79-8E8B521F3394}.Ad-Hoc|iPhone.ActiveCfg = Ad-Hoc|iPhone
		{B401E25E-65B1-486B-9B79-8E8B521F3394}.Ad-Hoc|iPhone.Build.0 = Ad-Hoc|iPhone
		{B401E25E-65B1-486B-9B79-8E8B521F3394}.Ad-Hoc|iPhoneSimulator.ActiveCfg = Ad-Hoc|iPhoneSimulator
		{B401E25E-65B1-486B-9B79-8E8B521F3394}.Ad-Hoc|iPhoneSimulator.Build.0 = Ad-Hoc|iPhoneSimulator
		{B401E25E-65B1-486B-9B79-8E8B521F3394}.AppStore|Any CPU.ActiveCfg = AppStore|iPhone
		{B401E25E-65B1-486B-9B79-8E8B521F3394}.AppStore|iPhone.ActiveCfg = AppStore|iPhone
		{B401E25E-65B1-486B-9B79-8E8B521F3394}.AppStore|iPhone.Build.0 = AppStore|iPhone
		{B401E25E-65B1-486B-9B79-8E8B521F3394}.AppStore|iPhoneSimulator.ActiveCfg = AppStore|iPhoneSimulator
		{B401E25E-65B1-486B-9B79-8E8B521F3394}.AppStore|iPhoneSimulator.Build.0 = AppStore|iPhoneSimulator
		{B401E25E-65B1-486B-9B79-8E8B521F3394}.Debug|Any CPU.ActiveCfg = Debug|iPhone
		{B401E25E-65B1-486B-9B79-8E8B521F3394}.Debug|iPhone.ActiveCfg = Debug|iPhone
		{B401E25E-65B1-486B-9B79-8E8B521F3394}.Debug|iPhone.Build.0 = Debug|iPhone
		{B401E25E-65B1-486B-9B79-8E8B521F3394}.Debug|iPhoneSimulator.ActiveCfg = Debug|iPhoneSimulator
		{B401E25E-65B1-486B-9B79-8E8B521F3394}.Debug|iPhoneSimulator.Build.0 = Debug|iPhoneSimulator
		{B401E25E-65B1-486B-9B79-8E8B521F3394}.Release|Any CPU.ActiveCfg = Release|iPhone
		{B401E25E-65B1-486B-9B79-8E8B521F3394}.Release|iPhone.ActiveCfg = Release|iPhone
		{B401E25E-65B1-486B-9B79-8E8B521F3394}.Release|iPhone.Build.0 = Release|iPhone
		{B401E25E-65B1-486B-9B79-8E8B521F3394}.Release|iPhoneSimulator.ActiveCfg = Release|iPhoneSimulator
		{B401E25E-65B1-486B-9B79-8E8B521F3394}.Release|iPhoneSimulator.Build.0 = Release|iPhoneSimulator
	EndGlobalSection
	GlobalSection(SolutionProperties) = preSolution
		HideSolutionNode = FALSE
	EndGlobalSection
	GlobalSection(ExtensibilityGlobals) = postSolution
		SolutionGuid = {BFF59557-6138-4C4A-B15F-B62FA10DCBD7}
	EndGlobalSection
EndGlobal
